<Solution>
  <Folder Name="/src/">
    <Project Path="src/DevBitsLab.Mcp.SourceGraph.Core/DevBitsLab.Mcp.SourceGraph.Core.csproj" />
    <Project Path="src/DevBitsLab.Mcp.SourceGraph.Embeddings/DevBitsLab.Mcp.SourceGraph.Embeddings.csproj" />
    <Project Path="src/DevBitsLab.Mcp.SourceGraph.Indexing/DevBitsLab.Mcp.SourceGraph.Indexing.csproj" />
    <Project Path="src/DevBitsLab.Mcp.SourceGraph.Server/DevBitsLab.Mcp.SourceGraph.Server.csproj" />
    <Project Path="src/DevBitsLab.Mcp.SourceGraph.Storage/DevBitsLab.Mcp.SourceGraph.Storage.csproj" />
    <Project Path="src/DevBitsLab.Mcp.SourceGraph.Watcher/DevBitsLab.Mcp.SourceGraph.Watcher.csproj" />
  </Folder>
  <Folder Name="/tests/">
    <Project Path="tests/DevBitsLab.Mcp.SourceGraph.Tests/DevBitsLab.Mcp.SourceGraph.Tests.csproj" />
  </Folder>
</Solution>
