{
  "version": 2,
  "dependencies": {
    "net10.0": {
      "Google.Protobuf": {
        "type": "Direct",
        "requested": "[3.35.1, )",
        "resolved": "3.35.1",
        "contentHash": "pxtkuXhR8svkvDTQrYew9GZQt6eWhblz/V/WKUFrQgkHYlQPsumJTeF6ppHRJpe6j9ffukkd5lQULiiKaek4xA=="
      },
      "Grpc.Tools": {
        "type": "Direct",
        "requested": "[2.82.0, )",
        "resolved": "2.82.0",
        "contentHash": "jqD/u8PHvZLCwSu+kxYMjq+wlMYp6qN9Gk1FAjTvS/SDYafPgRwB2wQiKD0yDwX/5BWQnUG3IIOsNPcqgCLVtg=="
      },
      "Microsoft.Build": {
        "type": "Direct",
        "requested": "[18.4.0, )",
        "resolved": "18.4.0",
        "contentHash": "D2YsSGRVxXqLGY5VN+nK7tT1bLcW8Q22F19Fp4dt0E67Ij4kYcR1VzFGA0QRI2WlRW4mUEXYS42BvVXmRlxajw==",
        "dependencies": {
          "Microsoft.Build.Framework": "18.4.0",
          "Microsoft.NET.StringTools": "18.4.0",
          "System.Configuration.ConfigurationManager": "10.0.1",
          "System.Diagnostics.EventLog": "10.0.1",
          "System.Reflection.MetadataLoadContext": "10.0.1",
          "System.Security.Cryptography.ProtectedData": "10.0.1"
        }
      },
      "Microsoft.Build.Framework": {
        "type": "Direct",
        "requested": "[18.4.0, )",
        "resolved": "18.4.0",
        "contentHash": "oq6UxPfzz5S5hCC9hTRBt1r99BwEzCP/h/DadMl/m6RSGTUUXjoblsTTrokYks0SzZ2Cvx0fk4TvuEpxuXxPbw=="
      },
      "Microsoft.Build.Locator": {
        "type": "Direct",
        "requested": "[1.11.2, )",
        "resolved": "1.11.2",
        "contentHash": "tY+/S54G29CGsbL3slVu4vqtpciwVnb3fKOmrhgzEQmu/VziFaWmD/E1e/2KH7cDucuycGSkWsSXndBs5Uawow=="
      },
      "Microsoft.Build.Tasks.Core": {
        "type": "Direct",
        "requested": "[18.4.0, )",
        "resolved": "18.4.0",
        "contentHash": "+V0ohf0eBQQbWqN0sUBpaGglIduK2ZvPZVSyu/MOpCSGHtlaapxnzCNwj8AqwwYHBP/Sb63l4p0xUJxQJ6eJzg==",
        "dependencies": {
          "Microsoft.Build.Framework": "18.4.0",
          "Microsoft.Build.Utilities.Core": "18.4.0",
          "Microsoft.NET.StringTools": "18.4.0",
          "System.CodeDom": "10.0.1",
          "System.Configuration.ConfigurationManager": "10.0.1",
          "System.Diagnostics.EventLog": "10.0.1",
          "System.Formats.Nrbf": "10.0.1",
          "System.Resources.Extensions": "10.0.1",
          "System.Security.Cryptography.Pkcs": "10.0.1",
          "System.Security.Cryptography.ProtectedData": "10.0.1",
          "System.Security.Cryptography.Xml": "10.0.1"
        }
      },
      "Microsoft.Build.Utilities.Core": {
        "type": "Direct",
        "requested": "[18.4.0, )",
        "resolved": "18.4.0",
        "contentHash": "k0nCnZRs4r/y0pJNLKYGXYyzToaBV2JM0XFidRyEuRUhtZGcIvWKnK7dzXA8MGs4ah4pzYh6/7EJLlmPyjHTnA==",
        "dependencies": {
          "Microsoft.Build.Framework": "18.4.0",
          "Microsoft.NET.StringTools": "18.4.0",
          "System.Configuration.ConfigurationManager": "10.0.1",
          "System.Diagnostics.EventLog": "10.0.1",
          "System.Security.Cryptography.ProtectedData": "10.0.1"
        }
      },
      "Microsoft.CodeAnalysis.CSharp.Workspaces": {
        "type": "Direct",
        "requested": "[5.3.0, )",
        "resolved": "5.3.0",
        "contentHash": "mRwxchBs3ewXK4dqK4R/eVCx99VIq1k/lhwArlu+fJuV0uzmbkTTRw4jR9gN9sOcAQfX0uV9KQlmCk1yC0JNog==",
        "dependencies": {
          "Humanizer.Core": "2.14.1",
          "Microsoft.CodeAnalysis.Analyzers": "5.3.0-2.25625.1",
          "Microsoft.CodeAnalysis.CSharp": "[5.3.0]",
          "Microsoft.CodeAnalysis.Common": "[5.3.0]",
          "Microsoft.CodeAnalysis.Workspaces.Common": "[5.3.0]",
          "System.Composition": "9.0.0"
        }
      },
      "Microsoft.CodeAnalysis.Workspaces.MSBuild": {
        "type": "Direct",
        "requested": "[5.3.0, )",
        "resolved": "5.3.0",
        "contentHash": "2Mg/ppo5dza1e4DJWX4+RIHMc3FgnYzuHTaLRZDupiK1LTi/PAZ1PBpF/iivHVNKQKwipHE984gy37MbM0RO9Q==",
        "dependencies": {
          "Humanizer.Core": "2.14.1",
          "Microsoft.Build.Framework": "17.11.48",
          "Microsoft.CodeAnalysis.Analyzers": "5.3.0-2.25625.1",
          "Microsoft.CodeAnalysis.Workspaces.Common": "[5.3.0]",
          "Microsoft.Extensions.DependencyInjection": "9.0.0",
          "Microsoft.Extensions.Logging": "9.0.0",
          "Microsoft.Extensions.Logging.Abstractions": "9.0.0",
          "Microsoft.Extensions.Options": "9.0.0",
          "Microsoft.Extensions.Primitives": "9.0.0",
          "Microsoft.VisualStudio.SolutionPersistence": "1.0.52",
          "System.Composition": "9.0.0"
        }
      },
      "Microsoft.Extensions.Logging.Abstractions": {
        "type": "Direct",
        "requested": "[10.0.10, )",
        "resolved": "10.0.10",
        "contentHash": "zkFxGYUvdxAvIKTyXHrmW+Sux53D4SezD9dMyZ6hrwwzPQJNuwCRy1f5W7AvYTqacEGhWF2XderRQG1OvbV8og==",
        "dependencies": {
          "Microsoft.Extensions.DependencyInjection.Abstractions": "10.0.10"
        }
      },
      "Microsoft.SourceLink.GitHub": {
        "type": "Direct",
        "requested": "[10.0.203, )",
        "resolved": "10.0.203",
        "contentHash": "R4Tvr1oACImMS+Y5M7NM07ll9QyJSKnki3Dvz8QwG1W6FEmd+9fmZXAF6BE6UPswHF6n0v41wgMQGlaudOspqA==",
        "dependencies": {
          "Microsoft.Build.Tasks.Git": "10.0.203",
          "Microsoft.SourceLink.Common": "10.0.203",
          "System.IO.Hashing": "10.0.7"
        }
      },
      "System.Security.Cryptography.Xml": {
        "type": "Direct",
        "requested": "[10.0.10, )",
        "resolved": "10.0.10",
        "contentHash": "Mz6Y+s+uMQKj1H2BUF0OhlmaOQkLgSG34/IrUaBDirYBQ6bgwcFvO/XtXWcoDlBLFoFB0uKqDNhybHOd+fQK1A==",
        "dependencies": {
          "System.Security.Cryptography.Pkcs": "10.0.10"
        }
      },
      "Humanizer.Core": {
        "type": "Transitive",
        "resolved": "2.14.1",
        "contentHash": "lQKvtaTDOXnoVJ20ibTuSIOf2i0uO0MPbDhd1jm238I+U/2ZnRENj0cktKZhtchBMtCUSRQ5v4xBCUbKNmyVMw=="
      },
      "Microsoft.Build.Tasks.Git": {
        "type": "Transitive",
        "resolved": "10.0.203",
        "contentHash": "m56WtzvIcL6t7JR3c7ogYitHizNM2QnRSo8yqxrQi+m5E/GGyDEmqymP+2p6YsFXn0j/Tzz67s4FQnrTLC7GKQ==",
        "dependencies": {
          "System.IO.Hashing": "10.0.7"
        }
      },
      "Microsoft.CodeAnalysis.Analyzers": {
        "type": "Transitive",
        "resolved": "5.3.0-2.25625.1",
        "contentHash": "4Yhh2fnu3G+J0J1lDc8WZVgMjgbynSeTfkl5IFJMFrmiIO0sc7Tjx+f3sFVV8Sd35PrIUWfof0RWc3lAMl7Azg=="
      },
      "Microsoft.CodeAnalysis.Common": {
        "type": "Transitive",
        "resolved": "5.3.0",
        "contentHash": "uC0qk3jzTQY7i90ehfnCqaOZpBUGJyPMiHJ3c0jOb8yaPBjWzIhVdNxPbeVzI74DB0C+YgBKPLqUkgFZzua5Mg==",
        "dependencies": {
          "Microsoft.CodeAnalysis.Analyzers": "5.3.0-2.25625.1"
        }
      },
      "Microsoft.CodeAnalysis.CSharp": {
        "type": "Transitive",
        "resolved": "5.3.0",
        "contentHash": "SQFNGQF4f7UfDXKxMzzGNMr3fjrPDIjLfmRvvVgDCw+dyvEHDaRfHuKA5q0Pr0/JW0Gcw89TxrxrS/MjwBvluQ==",
        "dependencies": {
          "Microsoft.CodeAnalysis.Analyzers": "5.3.0-2.25625.1",
          "Microsoft.CodeAnalysis.Common": "[5.3.0]"
        }
      },
      "Microsoft.CodeAnalysis.Workspaces.Common": {
        "type": "Transitive",
        "resolved": "5.3.0",
        "contentHash": "QSf1ge9A+XFZbGL+gIqXYBIKlm8QdQVLvHDPZiydG11W6mJY7XBMusrsgIEz6L8GYMzGJKTM78m9icliGMF7NA==",
        "dependencies": {
          "Humanizer.Core": "2.14.1",
          "Microsoft.CodeAnalysis.Analyzers": "5.3.0-2.25625.1",
          "Microsoft.CodeAnalysis.Common": "[5.3.0]",
          "System.Composition": "9.0.0"
        }
      },
      "Microsoft.Data.Sqlite.Core": {
        "type": "Transitive",
        "resolved": "10.0.10",
        "contentHash": "TPCs0ldm7AWqcKmp6f/Xr+14sat7hx4rHfRlS4RgCURBH2thEWbAKEyX7cCWr63zVJVOJIJZTg2cBiUXa8ys6g==",
        "dependencies": {
          "SQLitePCLRaw.core": "2.1.11"
        }
      },
      "Microsoft.Extensions.DependencyInjection": {
        "type": "Transitive",
        "resolved": "10.0.10",
        "contentHash": "ANyvsgkNBRvcJh2XLgn8veGmajf+8m0AbKK+HPWdRL1yraSNVVSmQhFntLtdz/C795jxqqup+k05cs/3jZQPOA==",
        "dependencies": {
          "Microsoft.Extensions.DependencyInjection.Abstractions": "10.0.10"
        }
      },
      "Microsoft.Extensions.DependencyInjection.Abstractions": {
        "type": "Transitive",
        "resolved": "10.0.10",
        "contentHash": "z/2xXlFw2aLGjHyEm6E0tQ+In6VfzQzTrtArbQ2c0TQE16ZbyDCMGPvaUT9I0s8rgy9sRWlU2P9waW37qV04qA=="
      },
      "Microsoft.Extensions.Options": {
        "type": "Transitive",
        "resolved": "10.0.10",
        "contentHash": "srnhnk7nE8krBiIXp71LvBmKBtraBONWSRzdjJgRv1Ko9Mp8IVNqv4vIS9hGeVteBig8aQkva9ZG+sC+o5sVcA==",
        "dependencies": {
          "Microsoft.Extensions.DependencyInjection.Abstractions": "10.0.10",
          "Microsoft.Extensions.Primitives": "10.0.10"
        }
      },
      "Microsoft.Extensions.Primitives": {
        "type": "Transitive",
        "resolved": "10.0.10",
        "contentHash": "5wu/GrYVd8mG2DVUw3vFJzF+O336TyTGg/Kmcgw9bfwYhCoFiV5lR5QeEmKecJyrW4W54nMfD3p3589E8a7czQ=="
      },
      "Microsoft.ML.OnnxRuntime.Managed": {
        "type": "Transitive",
        "resolved": "1.25.1",
        "contentHash": "Jz9UuzAWMFHrH0Gsqx+6aoxTYXeaqIOr+5SOxEhMDKCLmZKVoQo/dazQ8oeiIVy8CzFFfU0vI6vamv5xtc6ApQ==",
        "dependencies": {
          "System.Numerics.Tensors": "9.0.0"
        }
      },
      "Microsoft.NET.StringTools": {
        "type": "Transitive",
        "resolved": "18.4.0",
        "contentHash": "iQWOKi3L5QStmWqDjDubcr1KlTDy88qBTe88I0etlUUo1l0zSNebGJXl1Xetyl+ACA+ujP3YUtxo3Nz54JPriw=="
      },
      "Microsoft.SourceLink.Common": {
        "type": "Transitive",
        "resolved": "10.0.203",
        "contentHash": "QYAnhBCOkT3ZUT/fHag11+bamwlbZ3U9Vi/WfKrD9emdUf1t3aqjWv0V2KtEGHSRSC81aBc8Oy/mvyGpEYd9Pg=="
      },
      "Microsoft.VisualStudio.SolutionPersistence": {
        "type": "Transitive",
        "resolved": "1.0.52",
        "contentHash": "oNv2JtYXhpdJrX63nibx1JT3uCESOBQ1LAk7Dtz/sr0+laW0KRM6eKp4CZ3MHDR2siIkKsY8MmUkeP5DKkQQ5w=="
      },
      "SourceGear.sqlite3": {
        "type": "Transitive",
        "resolved": "3.53.3",
        "contentHash": "PaDT7JwQ00HmXZT1xSGSC0c24A5lVpJYHMrXBuJATdpB2t0nf4Kq9HyPaZhxVW0elPq4XI1s5BLh7qLuObmzFA=="
      },
      "SQLitePCLRaw.config.e_sqlite3": {
        "type": "Transitive",
        "resolved": "3.0.4",
        "contentHash": "W2HMmjAZ1v27fbyzZtONCdC8Ma/tTr5wLAIr4Iq7T4oKrYaI4occJ5TBhSdK4pltwBJLQBG5DcQMz+/w9X4bbg==",
        "dependencies": {
          "SQLitePCLRaw.provider.e_sqlite3": "3.0.4"
        }
      },
      "SQLitePCLRaw.core": {
        "type": "Transitive",
        "resolved": "3.0.4",
        "contentHash": "cOjxfdjE4zQDvDVDUBfucKGXEaYos4l4l+TVwePJEHp/nl9fkgBz/lIVgfMH5dOyKRmNi6RsptUGtZsvsD7iYQ=="
      },
      "SQLitePCLRaw.provider.e_sqlite3": {
        "type": "Transitive",
        "resolved": "3.0.4",
        "contentHash": "L4uiEKeRSXxppkGE4iSpgBgC5lNvw2zEN/hAaxTecUS1+DhC6UEFhHaakSYYvnFq7x16B7DQcaXgXy0SkhSwnw==",
        "dependencies": {
          "SQLitePCLRaw.core": "3.0.4"
        }
      },
      "System.CodeDom": {
        "type": "Transitive",
        "resolved": "10.0.1",
        "contentHash": "owy+NlWSBRNLZO8CZ7IguuaPHHiAivjstTciM7YlXyDDqBY26FMl3F9Nw04n8Dog1JaxFlZiEIEXKPaigRmkNg=="
      },
      "System.Composition": {
        "type": "Transitive",
        "resolved": "9.0.0",
        "contentHash": "3Djj70fFTraOarSKmRnmRy/zm4YurICm+kiCtI0dYRqGJnLX6nJ+G3WYuFJ173cAPax/gh96REcbNiVqcrypFQ==",
        "dependencies": {
          "System.Composition.AttributedModel": "9.0.0",
          "System.Composition.Convention": "9.0.0",
          "System.Composition.Hosting": "9.0.0",
          "System.Composition.Runtime": "9.0.0",
          "System.Composition.TypedParts": "9.0.0"
        }
      },
      "System.Composition.AttributedModel": {
        "type": "Transitive",
        "resolved": "9.0.0",
        "contentHash": "iri00l/zIX9g4lHMY+Nz0qV1n40+jFYAmgsaiNn16xvt2RDwlqByNG4wgblagnDYxm3YSQQ0jLlC/7Xlk9CzyA=="
      },
      "System.Composition.Convention": {
        "type": "Transitive",
        "resolved": "9.0.0",
        "contentHash": "+vuqVP6xpi582XIjJi6OCsIxuoTZfR0M7WWufk3uGDeCl3wGW6KnpylUJ3iiXdPByPE0vR5TjJgR6hDLez4FQg==",
        "dependencies": {
          "System.Composition.AttributedModel": "9.0.0"
        }
      },
      "System.Composition.Hosting": {
        "type": "Transitive",
        "resolved": "9.0.0",
        "contentHash": "OFqSeFeJYr7kHxDfaViGM1ymk7d4JxK//VSoNF9Ux0gpqkLsauDZpu89kTHHNdCWfSljbFcvAafGyBoY094btQ==",
        "dependencies": {
          "System.Composition.Runtime": "9.0.0"
        }
      },
      "System.Composition.Runtime": {
        "type": "Transitive",
        "resolved": "9.0.0",
        "contentHash": "w1HOlQY1zsOWYussjFGZCEYF2UZXgvoYnS94NIu2CBnAGMbXFAX8PY8c92KwUItPmowal68jnVLBCzdrWLeEKA=="
      },
      "System.Composition.TypedParts": {
        "type": "Transitive",
        "resolved": "9.0.0",
        "contentHash": "aRZlojCCGEHDKqh43jaDgaVpYETsgd7Nx4g1zwLKMtv4iTo0627715ajEFNpEEBTgLmvZuv8K0EVxc3sM4NWJA==",
        "dependencies": {
          "System.Composition.AttributedModel": "9.0.0",
          "System.Composition.Hosting": "9.0.0",
          "System.Composition.Runtime": "9.0.0"
        }
      },
      "System.Configuration.ConfigurationManager": {
        "type": "Transitive",
        "resolved": "10.0.1",
        "contentHash": "HfOAIlSA8OuaxBZD6xjsUWhtB0KdKSWEfRId8gSGveLUjuP6G8IxfiFgJNxaiRIEC1kx4pSvz3Em5xW/J6LLxA==",
        "dependencies": {
          "System.Diagnostics.EventLog": "10.0.1",
          "System.Security.Cryptography.ProtectedData": "10.0.1"
        }
      },
      "System.Diagnostics.EventLog": {
        "type": "Transitive",
        "resolved": "10.0.1",
        "contentHash": "xfaHEHVDkMOOZR5S6ZGezD0+vekdH1Nx/9Ih8/rOqOGSOk1fxiN3u94bYkBW/wigj0Uw2Wt3vvRj9mtYdgwEjw=="
      },
      "System.Formats.Nrbf": {
        "type": "Transitive",
        "resolved": "10.0.1",
        "contentHash": "UnsCQWrLHB4AzTxSvxriBQ+N4EiAPSOPWNdL/XzqgNyxu5Q9rU/s7M+ld5sHPRvtP9OkJPSXDi0iuhlq1IcdkQ=="
      },
      "System.IO.Hashing": {
        "type": "Transitive",
        "resolved": "10.0.7",
        "contentHash": "6hsjdSr4VOXSOnhALkYplHpAxnTG1J33YN42IB6nH2fEg4QnJqrZ4Ft+qn7mkrKAOYC8pCSFYwVWw6rQbmwgLQ=="
      },
      "System.Numerics.Tensors": {
        "type": "Transitive",
        "resolved": "9.0.0",
        "contentHash": "hyJB4UlpAi19Xr9AXzu2NuagKC4lPfHObNMEAA0HmqFz2rX7wKgzeYzO/jM/eBHDhnUGFFEjk5cOoJaxqg5J4A=="
      },
      "System.Reflection.MetadataLoadContext": {
        "type": "Transitive",
        "resolved": "10.0.1",
        "contentHash": "oR2JAGKrPXc6TjR5u7A1iovxg0U80l1xmxztI8BdqHuJtyFnsg+ddOFu3B4Cx5c39XyVZpq4109A+eCkgp4q/Q=="
      },
      "System.Resources.Extensions": {
        "type": "Transitive",
        "resolved": "10.0.1",
        "contentHash": "zq8Q3THQDjZ2O2LfwGnHXJ9aON4sIYf6kTR3AKXib+z2bwI9apV2vOWvBB1FygVfJZigFypwNxJ2PXeF/6S4GQ==",
        "dependencies": {
          "System.Formats.Nrbf": "10.0.1"
        }
      },
      "System.Security.Cryptography.Pkcs": {
        "type": "Transitive",
        "resolved": "10.0.10",
        "contentHash": "KG8t5RHczdgB3IWvRndpI0nE1DSo7ikDYSDbITxfgRFyIvnYiKzuPjaZOsPnwFQ1aOGUl9sEulJul9wlHLEUoA=="
      },
      "System.Security.Cryptography.ProtectedData": {
        "type": "Transitive",
        "resolved": "10.0.1",
        "contentHash": "9SqHNq+lAjZeyPcm69FTQEjr+wsRYvkS3aW8yxoEndVYwDRkCrsP/44QPqpWHwzevoX26rkOoQ6kr7GZWngw2A=="
      },
      "devbitslab.mcp.sourcegraph.core": {
        "type": "Project"
      },
      "devbitslab.mcp.sourcegraph.embeddings": {
        "type": "Project",
        "dependencies": {
          "Microsoft.Extensions.AI.Abstractions": "[10.5.2, )",
          "Microsoft.Extensions.Logging.Abstractions": "[10.0.10, )",
          "Microsoft.ML.OnnxRuntime": "[1.25.1, )",
          "Microsoft.ML.Tokenizers": "[2.0.0, )"
        }
      },
      "devbitslab.mcp.sourcegraph.sdk": {
        "type": "Project"
      },
      "devbitslab.mcp.sourcegraph.storage": {
        "type": "Project",
        "dependencies": {
          "Dapper": "[2.1.72, )",
          "DevBitsLab.Mcp.SourceGraph.Core": "[1.0.0, )",
          "DevBitsLab.Mcp.SourceGraph.Sdk": "[2.5.0, )",
          "Microsoft.Data.Sqlite": "[10.0.10, )",
          "Microsoft.Extensions.Logging.Abstractions": "[10.0.10, )",
          "sqlite-vec": "[0.1.7-alpha.2.1, )"
        }
      },
      "Dapper": {
        "type": "CentralTransitive",
        "requested": "[2.1.72, )",
        "resolved": "2.1.72",
        "contentHash": "ns4mGqQd9a/MhP8m6w556vVlZIa0/MfUu03zrxjZC/jlr1uVCsUac8bkdB+Fs98Llbd56rRSo1eZH5VVmeGZyw=="
      },
      "Microsoft.Data.Sqlite": {
        "type": "CentralTransitive",
        "requested": "[10.0.10, )",
        "resolved": "10.0.10",
        "contentHash": "58JwZ39lCvRXHfV5O6RQfbHEDu8ZsXI7weRoVRR4jrGRxxkS+qyeuGrN2xD+9VYEICApYr0iTSL6PuU+DdsvPg==",
        "dependencies": {
          "Microsoft.Data.Sqlite.Core": "10.0.10",
          "SQLitePCLRaw.bundle_e_sqlite3": "2.1.11",
          "SQLitePCLRaw.core": "2.1.11"
        }
      },
      "Microsoft.Extensions.AI.Abstractions": {
        "type": "CentralTransitive",
        "requested": "[10.5.2, )",
        "resolved": "10.5.2",
        "contentHash": "Ei+YWV9Ybnps7pR1dgjlG29gelXEwZkhLVAcWmKe6HvXS6LNBYgSdWiY3Hk9OZXYtK34rv/NtLWBQYQGOBQYPQ=="
      },
      "Microsoft.Extensions.Logging": {
        "type": "CentralTransitive",
        "requested": "[10.0.10, )",
        "resolved": "10.0.10",
        "contentHash": "Tf6z5HsL0VDYRTfvsoNrTGHGheCwkTsZBA2FFh5ATJUbkAwug+FFNISJK2gjpUNemlAOoWllAK52HOWCjto3EQ==",
        "dependencies": {
          "Microsoft.Extensions.DependencyInjection": "10.0.10",
          "Microsoft.Extensions.Logging.Abstractions": "10.0.10",
          "Microsoft.Extensions.Options": "10.0.10"
        }
      },
      "Microsoft.ML.OnnxRuntime": {
        "type": "CentralTransitive",
        "requested": "[1.25.1, )",
        "resolved": "1.25.1",
        "contentHash": "s1olKkbeUrMNb/Oj+lhQswYxyyUiXMo81eqaMe12PbnByvjlgpEtP71FruUpw+rftjtK9KZZ4wVo5HaoUwlXgA==",
        "dependencies": {
          "Microsoft.ML.OnnxRuntime.Managed": "1.25.1"
        }
      },
      "Microsoft.ML.Tokenizers": {
        "type": "CentralTransitive",
        "requested": "[2.0.0, )",
        "resolved": "2.0.0",
        "contentHash": "+b8lT4cLLO/sBR2hjvE/qG6qrZG15h7/PBvnIrzTh4xDaAxdHUY6449rC+1pHzQUsBiCHZVbj+VMn+xS0sL7TA==",
        "dependencies": {
          "Google.Protobuf": "3.30.2"
        }
      },
      "sqlite-vec": {
        "type": "CentralTransitive",
        "requested": "[0.1.7-alpha.2.1, )",
        "resolved": "0.1.7-alpha.2.1",
        "contentHash": "JCN6wMW9cX7e6tO6BZRBEdLT1qq8cRlQ5AdPvl6ZRjTKOJ2JjQXYI+wIAMb4EOXiDbbpt0IIv5rkkbPOMlrkRQ=="
      },
      "SQLitePCLRaw.bundle_e_sqlite3": {
        "type": "CentralTransitive",
        "requested": "[3.0.4, )",
        "resolved": "3.0.4",
        "contentHash": "gg8vENKV/o0pWLI0eJxnTA4X9e63rOvzkCDMAOePDGLieNSHPCGUiJ4CQDqDyNqIf6IPVzD4TOjqY5ACygZkkA==",
        "dependencies": {
          "SQLitePCLRaw.config.e_sqlite3": "3.0.4",
          "SourceGear.sqlite3": "3.53.3"
        }
      }
    }
  }
}