
Microsoft Visual Studio Solution File, Format Version 12.00
# Visual Studio Version 17
VisualStudioVersion = 17.0.31903.59
MinimumVisualStudioVersion = 10.0.40219.1
Project("{FAE04EC0-301F-11D3-BF4B-00C04F79EFBC}") = "Sample.Domain", "Sample.Domain\Sample.Domain.csproj", "{55A57380-DF86-4403-B288-52925AAB14EE}"
EndProject
Project("{FAE04EC0-301F-11D3-BF4B-00C04F79EFBC}") = "Sample.App", "Sample.App\Sample.App.csproj", "{F7C804CE-9907-4BA6-972C-3408E6A9F998}"
EndProject
Project("{FAE04EC0-301F-11D3-BF4B-00C04F79EFBC}") = "Sample.Generators", "Sample.Generators\Sample.Generators.csproj", "{45402D20-A9D3-4C01-A678-B534F3D9EAD6}"
EndProject
Project("{FAE04EC0-301F-11D3-BF4B-00C04F79EFBC}") = "Sample.Tests", "Sample.Tests\Sample.Tests.csproj", "{8A2C4D33-9B41-4F0F-8E0D-22E62B0F1E10}"
EndProject
Global
	GlobalSection(SolutionConfigurationPlatforms) = preSolution
		Debug|Any CPU = Debug|Any CPU
		Debug|x64 = Debug|x64
		Debug|x86 = Debug|x86
		Release|Any CPU = Release|Any CPU
		Release|x64 = Release|x64
		Release|x86 = Release|x86
	EndGlobalSection
	GlobalSection(ProjectConfigurationPlatforms) = postSolution
		{55A57380-DF86-4403-B288-52925AAB14EE}.Debug|Any CPU.ActiveCfg = Debug|Any CPU
		{55A57380-DF86-4403-B288-52925AAB14EE}.Debug|Any CPU.Build.0 = Debug|Any CPU
		{55A57380-DF86-4403-B288-52925AAB14EE}.Debug|x64.ActiveCfg = Debug|Any CPU
		{55A57380-DF86-4403-B288-52925AAB14EE}.Debug|x64.Build.0 = Debug|Any CPU
		{55A57380-DF86-4403-B288-52925AAB14EE}.Debug|x86.ActiveCfg = Debug|Any CPU
		{55A57380-DF86-4403-B288-52925AAB14EE}.Debug|x86.Build.0 = Debug|Any CPU
		{55A57380-DF86-4403-B288-52925AAB14EE}.Release|Any CPU.ActiveCfg = Release|Any CPU
		{55A57380-DF86-4403-B288-52925AAB14EE}.Release|Any CPU.Build.0 = Release|Any CPU
		{55A57380-DF86-4403-B288-52925AAB14EE}.Release|x64.ActiveCfg = Release|Any CPU
		{55A57380-DF86-4403-B288-52925AAB14EE}.Release|x64.Build.0 = Release|Any CPU
		{55A57380-DF86-4403-B288-52925AAB14EE}.Release|x86.ActiveCfg = Release|Any CPU
		{55A57380-DF86-4403-B288-52925AAB14EE}.Release|x86.Build.0 = Release|Any CPU
		{F7C804CE-9907-4BA6-972C-3408E6A9F998}.Debug|Any CPU.ActiveCfg = Debug|Any CPU
		{F7C804CE-9907-4BA6-972C-3408E6A9F998}.Debug|Any CPU.Build.0 = Debug|Any CPU
		{F7C804CE-9907-4BA6-972C-3408E6A9F998}.Debug|x64.ActiveCfg = Debug|Any CPU
		{F7C804CE-9907-4BA6-972C-3408E6A9F998}.Debug|x64.Build.0 = Debug|Any CPU
		{F7C804CE-9907-4BA6-972C-3408E6A9F998}.Debug|x86.ActiveCfg = Debug|Any CPU
		{F7C804CE-9907-4BA6-972C-3408E6A9F998}.Debug|x86.Build.0 = Debug|Any CPU
		{F7C804CE-9907-4BA6-972C-3408E6A9F998}.Release|Any CPU.ActiveCfg = Release|Any CPU
		{F7C804CE-9907-4BA6-972C-3408E6A9F998}.Release|Any CPU.Build.0 = Release|Any CPU
		{F7C804CE-9907-4BA6-972C-3408E6A9F998}.Release|x64.ActiveCfg = Release|Any CPU
		{F7C804CE-9907-4BA6-972C-3408E6A9F998}.Release|x64.Build.0 = Release|Any CPU
		{F7C804CE-9907-4BA6-972C-3408E6A9F998}.Release|x86.ActiveCfg = Release|Any CPU
		{F7C804CE-9907-4BA6-972C-3408E6A9F998}.Release|x86.Build.0 = Release|Any CPU
		{45402D20-A9D3-4C01-A678-B534F3D9EAD6}.Debug|Any CPU.ActiveCfg = Debug|Any CPU
		{45402D20-A9D3-4C01-A678-B534F3D9EAD6}.Debug|Any CPU.Build.0 = Debug|Any CPU
		{45402D20-A9D3-4C01-A678-B534F3D9EAD6}.Debug|x64.ActiveCfg = Debug|Any CPU
		{45402D20-A9D3-4C01-A678-B534F3D9EAD6}.Debug|x64.Build.0 = Debug|Any CPU
		{45402D20-A9D3-4C01-A678-B534F3D9EAD6}.Debug|x86.ActiveCfg = Debug|Any CPU
		{45402D20-A9D3-4C01-A678-B534F3D9EAD6}.Debug|x86.Build.0 = Debug|Any CPU
		{45402D20-A9D3-4C01-A678-B534F3D9EAD6}.Release|Any CPU.ActiveCfg = Release|Any CPU
		{45402D20-A9D3-4C01-A678-B534F3D9EAD6}.Release|Any CPU.Build.0 = Release|Any CPU
		{45402D20-A9D3-4C01-A678-B534F3D9EAD6}.Release|x64.ActiveCfg = Release|Any CPU
		{45402D20-A9D3-4C01-A678-B534F3D9EAD6}.Release|x64.Build.0 = Release|Any CPU
		{45402D20-A9D3-4C01-A678-B534F3D9EAD6}.Release|x86.ActiveCfg = Release|Any CPU
		{45402D20-A9D3-4C01-A678-B534F3D9EAD6}.Release|x86.Build.0 = Release|Any CPU
		{8A2C4D33-9B41-4F0F-8E0D-22E62B0F1E10}.Debug|Any CPU.ActiveCfg = Debug|Any CPU
		{8A2C4D33-9B41-4F0F-8E0D-22E62B0F1E10}.Debug|Any CPU.Build.0 = Debug|Any CPU
		{8A2C4D33-9B41-4F0F-8E0D-22E62B0F1E10}.Debug|x64.ActiveCfg = Debug|Any CPU
		{8A2C4D33-9B41-4F0F-8E0D-22E62B0F1E10}.Debug|x64.Build.0 = Debug|Any CPU
		{8A2C4D33-9B41-4F0F-8E0D-22E62B0F1E10}.Debug|x86.ActiveCfg = Debug|Any CPU
		{8A2C4D33-9B41-4F0F-8E0D-22E62B0F1E10}.Debug|x86.Build.0 = Debug|Any CPU
		{8A2C4D33-9B41-4F0F-8E0D-22E62B0F1E10}.Release|Any CPU.ActiveCfg = Release|Any CPU
		{8A2C4D33-9B41-4F0F-8E0D-22E62B0F1E10}.Release|Any CPU.Build.0 = Release|Any CPU
		{8A2C4D33-9B41-4F0F-8E0D-22E62B0F1E10}.Release|x64.ActiveCfg = Release|Any CPU
		{8A2C4D33-9B41-4F0F-8E0D-22E62B0F1E10}.Release|x64.Build.0 = Release|Any CPU
		{8A2C4D33-9B41-4F0F-8E0D-22E62B0F1E10}.Release|x86.ActiveCfg = Release|Any CPU
		{8A2C4D33-9B41-4F0F-8E0D-22E62B0F1E10}.Release|x86.Build.0 = Release|Any CPU
	EndGlobalSection
	GlobalSection(SolutionProperties) = preSolution
		HideSolutionNode = FALSE
	EndGlobalSection
EndGlobal
